
Microsoft Visual Studio Solution File, Format Version 12.00
# Visual Studio Version 16
VisualStudioVersion = 16.0.29609.76
MinimumVisualStudioVersion = 10.0.40219.1
Project("{FAE04EC0-301F-11D3-BF4B-00C04F79EFBC}") = "CalculatorChallenge", "CalculatorChallenge\CalculatorChallenge.csproj", "{71BA30C8-3CAB-40D1-903E-3B7CB2044355}"
EndProject
Project("{FAE04EC0-301F-11D3-BF4B-00C04F79EFBC}") = "CalculatorUnitTests", "CalculatorUnitTests\CalculatorUnitTests.csproj", "{6B48C489-B237-434C-B86C-FDE2CD1896B6}"
EndProject
Global
	GlobalSection(SolutionConfigurationPlatforms) = preSolution
		Debug|Any CPU = Debug|Any CPU
		Release|Any CPU = Release|Any CPU
	EndGlobalSection
	GlobalSection(ProjectConfigurationPlatforms) = postSolution
		{71BA30C8-3CAB-40D1-903E-3B7CB2044355}.Debug|Any CPU.ActiveCfg = Debug|Any CPU
		{71BA30C8-3CAB-40D1-903E-3B7CB2044355}.Debug|Any CPU.Build.0 = Debug|Any CPU
		{71BA30C8-3CAB-40D1-903E-3B7CB2044355}.Release|Any CPU.ActiveCfg = Release|Any CPU
		{71BA30C8-3CAB-40D1-903E-3B7CB2044355}.Release|Any CPU.Build.0 = Release|Any CPU
		{6B48C489-B237-434C-B86C-FDE2CD1896B6}.Debug|Any CPU.ActiveCfg = Debug|Any CPU
		{6B48C489-B237-434C-B86C-FDE2CD1896B6}.Debug|Any CPU.Build.0 = Debug|Any CPU
		{6B48C489-B237-434C-B86C-FDE2CD1896B6}.Release|Any CPU.ActiveCfg = Release|Any CPU
		{6B48C489-B237-434C-B86C-FDE2CD1896B6}.Release|Any CPU.Build.0 = Release|Any CPU
	EndGlobalSection
	GlobalSection(SolutionProperties) = preSolution
		HideSolutionNode = FALSE
	EndGlobalSection
	GlobalSection(ExtensibilityGlobals) = postSolution
		SolutionGuid = {BB96E384-DBD0-44BD-BF8D-C3055A9C2F62}
	EndGlobalSection
EndGlobal
